hash: 454a93bf2a6d6eca0c230367d80a11e347c09760635e7fb9b1b51123b286d21e
updated: 2017-09-28T16:09:50.115478338+02:00
imports:
- name: github.com/rs/cors
  version: 7af7a1e09ba336d2ea14b1ce73bf693c6837dbf6
- name: goji.io
  version: 0d89ff54b2c18c9c4ba530e32496aef902d3c6cd
  subpackages:
  - internal
  - pat
  - pattern
testImports: []
